{
  "name": "address-validator",
  "version": "0.2.2",
  "lockfileVersion": 1,
  "requires": true,
  "dependencies": {
    "agent-base": {
      "version": "4.2.1",
      "resolved": "https://registry.npmjs.org/agent-base/-/agent-base-4.2.1.tgz",
      "integrity": "sha512-JVwXMr9nHYTUXsBFKUqhJwvlcYU/blreOEUkhNR2eXZIvwd+c+o5V4MgDPKWnMS/56awN3TRzIP+KoPn+roQtg==",
      "requires": {
        "es6-promisify": "5.0.0"
      }
    },
    "asn1": {
      "version": "0.1.11",
      "resolved": "https://registry.npmjs.org/asn1/-/asn1-0.1.11.tgz",
      "integrity": "sha1-VZvhg3bQik7E2+gId9J4GGObLfc="
    },
    "assert-plus": {
      "version": "0.1.2",
      "resolved": "https://registry.npmjs.org/assert-plus/-/assert-plus-0.1.2.tgz",
      "integrity": "sha1-2T/9u2esVQd3m+MWp9ZRRkF77vg="
    },
    "async": {
      "version": "0.2.10",
      "resolved": "https://registry.npmjs.org/async/-/async-0.2.10.tgz",
      "integrity": "sha1-trvgsGdLnXGXCMo43owjfLUmw9E="
    },
    "aws-sign": {
      "version": "0.3.0",
      "resolved": "https://registry.npmjs.org/aws-sign/-/aws-sign-0.3.0.tgz",
      "integrity": "sha1-PYHKabR0seFlGHKLUcJP8Lvtxuk="
    },
    "boom": {
      "version": "0.4.2",
      "resolved": "https://registry.npmjs.org/boom/-/boom-0.4.2.tgz",
      "integrity": "sha1-emNune1O/O+xnO9JR6PGffrukRs=",
      "requires": {
        "hoek": "0.9.1"
      },
      "dependencies": {
        "hoek": {
          "version": "0.9.1",
          "resolved": "https://registry.npmjs.org/hoek/-/hoek-0.9.1.tgz",
          "integrity": "sha1-PTIkYrrfB3Fup+uFuviAec3c5QU="
        }
      }
    },
    "coffee-script": {
      "version": "1.9.3",
      "resolved": "https://registry.npmjs.org/coffee-script/-/coffee-script-1.9.3.tgz",
      "integrity": "sha1-WW5ug/z8tnxZZKtw1ES+/wrASsc=",
      "dev": true
    },
    "combined-stream": {
      "version": "0.0.7",
      "resolved": "https://registry.npmjs.org/combined-stream/-/combined-stream-0.0.7.tgz",
      "integrity": "sha1-ATfmV7qlp1QcV6w3rF/AfXO03B8=",
      "requires": {
        "delayed-stream": "0.0.5"
      }
    },
    "cookie-jar": {
      "version": "0.3.0",
      "resolved": "https://registry.npmjs.org/cookie-jar/-/cookie-jar-0.3.0.tgz",
      "integrity": "sha1-vJon1OK5fhhs1XyeIGPLmfpozMw="
    },
    "cryptiles": {
      "version": "0.2.2",
      "resolved": "https://registry.npmjs.org/cryptiles/-/cryptiles-0.2.2.tgz",
      "integrity": "sha1-7ZH/HxetE9N0gohZT4pIoNJvMlw=",
      "requires": {
        "boom": "0.4.2"
      }
    },
    "ctype": {
      "version": "0.5.2",
      "resolved": "https://registry.npmjs.org/ctype/-/ctype-0.5.2.tgz",
      "integrity": "sha1-/oCR1Gijc6Cwyf+Lv7NCXACXOh0="
    },
    "debug": {
      "version": "3.1.0",
      "resolved": "https://registry.npmjs.org/debug/-/debug-3.1.0.tgz",
      "integrity": "sha512-OX8XqP7/1a9cqkxYw2yXss15f26NKWBpDXQd0/uK/KPqdQhxbPa994hnzjcE2VqQpDslf55723cKPUOGSmMY3g==",
      "requires": {
        "ms": "2.0.0"
      }
    },
    "delayed-stream": {
      "version": "0.0.5",
      "resolved": "https://registry.npmjs.org/delayed-stream/-/delayed-stream-0.0.5.tgz",
      "integrity": "sha1-1LH0OpPoKW3+AmlPRoC8N6MTxz8="
    },
    "es6-promise": {
      "version": "4.2.4",
      "resolved": "https://registry.npmjs.org/es6-promise/-/es6-promise-4.2.4.tgz",
      "integrity": "sha512-/NdNZVJg+uZgtm9eS3O6lrOLYmQag2DjdEXuPaHlZ6RuVqgqaVZfgYCepEIKsLqwdQArOPtC3XzRLqGGfT8KQQ=="
    },
    "es6-promisify": {
      "version": "5.0.0",
      "resolved": "https://registry.npmjs.org/es6-promisify/-/es6-promisify-5.0.0.tgz",
      "integrity": "sha1-UQnWLz5W6pZ8S2NQWu8IKRyKUgM=",
      "requires": {
        "es6-promise": "4.0.3"
      }
    },
    "forever-agent": {
      "version": "0.5.2",
      "resolved": "https://registry.npmjs.org/forever-agent/-/forever-agent-0.5.2.tgz",
      "integrity": "sha1-bQ4JxJIflKJ/Y9O0nF/v8epMUTA="
    },
    "form-data": {
      "version": "0.0.8",
      "resolved": "https://registry.npmjs.org/form-data/-/form-data-0.0.8.tgz",
      "integrity": "sha1-CJDNEAXFzOzAudJKiAUskkQtDbU=",
      "requires": {
        "async": "0.2.10",
        "combined-stream": "0.0.7",
        "mime": "1.2.11"
      }
    },
    "hawk": {
      "version": "0.13.1",
      "resolved": "https://registry.npmjs.org/hawk/-/hawk-0.13.1.tgz",
      "integrity": "sha1-NheViCH1gxHk1/beKR/KZitBLvQ=",
      "requires": {
        "boom": "0.4.2",
        "cryptiles": "0.2.2",
        "hoek": "0.8.5",
        "sntp": "0.2.4"
      }
    },
    "hoek": {
      "version": "0.8.5",
      "resolved": "https://registry.npmjs.org/hoek/-/hoek-0.8.5.tgz",
      "integrity": "sha1-Hp/XcO9+vgJ0rfy1sIBqAlpeTp8="
    },
    "http-signature": {
      "version": "0.9.11",
      "resolved": "https://registry.npmjs.org/http-signature/-/http-signature-0.9.11.tgz",
      "integrity": "sha1-nognFFcjFeZ5Cl0KeVXv/x8Z5lM=",
      "requires": {
        "asn1": "0.1.11",
        "assert-plus": "0.1.2",
        "ctype": "0.5.2"
      }
    },
    "https-proxy-agent": {
      "version": "2.2.1",
      "resolved": "https://registry.npmjs.org/https-proxy-agent/-/https-proxy-agent-2.2.1.tgz",
      "integrity": "sha512-HPCTS1LW51bcyMYbxUIOO4HEOlQ1/1qRaFWcyxvwaqUS9TY88aoEuHUY33kuAh1YhVVaDQhLZsnPd+XNARWZlQ==",
      "requires": {
        "agent-base": "4.1.0",
        "debug": "3.1.0"
      }
    },
    "json-stringify-safe": {
      "version": "4.0.0",
      "resolved": "https://registry.npmjs.org/json-stringify-safe/-/json-stringify-safe-4.0.0.tgz",
      "integrity": "sha1-d8JxqupUMC5o7+rMtWq78GqbGlQ="
    },
    "mime": {
      "version": "1.2.11",
      "resolved": "https://registry.npmjs.org/mime/-/mime-1.2.11.tgz",
      "integrity": "sha1-WCA+7Ybjpe8XrtK32evUfwpg3RA="
    },
    "ms": {
      "version": "2.0.0",
      "resolved": "https://registry.npmjs.org/ms/-/ms-2.0.0.tgz",
      "integrity": "sha1-VgiurfwAvmwpAd9fmGF4jeDVl8g="
    },
    "node-uuid": {
      "version": "1.4.8",
      "resolved": "https://registry.npmjs.org/node-uuid/-/node-uuid-1.4.8.tgz",
      "integrity": "sha1-sEDrCSOWivq/jTL7HxfxFn/auQc="
    },
    "oauth-sign": {
      "version": "0.3.0",
      "resolved": "https://registry.npmjs.org/oauth-sign/-/oauth-sign-0.3.0.tgz",
      "integrity": "sha1-y1QPk7srIqfVlBaRoojWDo6pOG4="
    },
    "qs": {
      "version": "0.6.6",
      "resolved": "https://registry.npmjs.org/qs/-/qs-0.6.6.tgz",
      "integrity": "sha1-bgFQmP9RlouKPIGQAdXyyJvEsQc="
    },
    "request": {
      "version": "2.21.0",
      "resolved": "https://registry.npmjs.org/request/-/request-2.21.0.tgz",
      "integrity": "sha1-VyirnEXlqHyZ2szVMCmLZnOoaNc=",
      "requires": {
        "aws-sign": "0.3.0",
        "cookie-jar": "0.3.0",
        "forever-agent": "0.5.2",
        "form-data": "0.0.8",
        "hawk": "0.13.1",
        "http-signature": "0.9.11",
        "json-stringify-safe": "4.0.0",
        "mime": "1.2.11",
        "node-uuid": "1.4.8",
        "oauth-sign": "0.3.0",
        "qs": "0.6.6",
        "tunnel-agent": "0.3.0"
      }
    },
    "sntp": {
      "version": "0.2.4",
      "resolved": "https://registry.npmjs.org/sntp/-/sntp-0.2.4.tgz",
      "integrity": "sha1-+4hfGLDzqtGJ+CSGJTa87ux1CQA=",
      "requires": {
        "hoek": "0.9.1"
      },
      "dependencies": {
        "hoek": {
          "version": "0.9.1",
          "resolved": "https://registry.npmjs.org/hoek/-/hoek-0.9.1.tgz",
          "integrity": "sha1-PTIkYrrfB3Fup+uFuviAec3c5QU="
        }
      }
    },
    "tunnel-agent": {
      "version": "0.3.0",
      "resolved": "https://registry.npmjs.org/tunnel-agent/-/tunnel-agent-0.3.0.tgz",
      "integrity": "sha1-rWgbaPUyGtKCfEz7G31d8s/pQu4="
    },
    "underscore": {
      "version": "1.4.4",
      "resolved": "https://registry.npmjs.org/underscore/-/underscore-1.4.4.tgz",
      "integrity": "sha1-YaajIBBiKvoHljvzJSA88SI51gQ="
    }
  }
}
